// !$*UTF8*$!
{
	archiveVersion = 1;
	classes = {
	};
	objectVersion = 56;
	objects = {

/* Begin PBXBuildFile section */
		43A18ABA29A6093F0060B5F8 /* FruitikiApp.swift in Sources */ = {isa = PBXBuildFile; fileRef = 43A18AB929A6093F0060B5F8 /* FruitikiApp.swift */; };
		43A18ABC29A6093F0060B5F8 /* ContentView.swift in Sources */ = {isa = PBXBuildFile; fileRef = 43A18ABB29A6093F0060B5F8 /* ContentView.swift */; };
		43A18ABE29A609400060B5F8 /* Assets.xcassets in Resources */ = {isa = PBXBuildFile; fileRef = 43A18ABD29A609400060B5F8 /* Assets.xcassets */; };
		43A18AC129A609400060B5F8 /* Preview Assets.xcassets in Resources */ = {isa = PBXBuildFile; fileRef = 43A18AC029A609400060B5F8 /* Preview Assets.xcassets */; };
		43A18ACB29A60DA80060B5F8 /* OnboardingCardView.swift in Sources */ = {isa = PBXBuildFile; fileRef = 43A18ACA29A60DA80060B5F8 /* OnboardingCardView.swift */; };
		43A18ACD29A612590060B5F8 /* StartButton.swift in Sources */ = {isa = PBXBuildFile; fileRef = 43A18ACC29A612590060B5F8 /* StartButton.swift */; };
		43A18ACF29A615E10060B5F8 /* Onboarding.swift in Sources */ = {isa = PBXBuildFile; fileRef = 43A18ACE29A615E10060B5F8 /* Onboarding.swift */; };
		43A18AD129A617CC0060B5F8 /* FruitModel.swift in Sources */ = {isa = PBXBuildFile; fileRef = 43A18AD029A617CC0060B5F8 /* FruitModel.swift */; };
		43A18AD429A618AF0060B5F8 /* FruitsData.swift in Sources */ = {isa = PBXBuildFile; fileRef = 43A18AD329A618AF0060B5F8 /* FruitsData.swift */; };
		43A18AD629A64E520060B5F8 /* FruitRowView.swift in Sources */ = {isa = PBXBuildFile; fileRef = 43A18AD529A64E520060B5F8 /* FruitRowView.swift */; };
		43A18AD929A64F8D0060B5F8 /* ColorsUtil.swift in Sources */ = {isa = PBXBuildFile; fileRef = 43A18AD829A64F8D0060B5F8 /* ColorsUtil.swift */; };
		43A18ADB29A6550E0060B5F8 /* FruitDetails.swift in Sources */ = {isa = PBXBuildFile; fileRef = 43A18ADA29A6550E0060B5F8 /* FruitDetails.swift */; };
		43A18ADD29A65B430060B5F8 /* FruitHeaderView.swift in Sources */ = {isa = PBXBuildFile; fileRef = 43A18ADC29A65B430060B5F8 /* FruitHeaderView.swift */; };
		43A18ADF29A6617B0060B5F8 /* SourceLinkView.swift in Sources */ = {isa = PBXBuildFile; fileRef = 43A18ADE29A6617B0060B5F8 /* SourceLinkView.swift */; };
		43A18AE129A675370060B5F8 /* NutrientsView.swift in Sources */ = {isa = PBXBuildFile; fileRef = 43A18AE029A675370060B5F8 /* NutrientsView.swift */; };
		43A18AE329A6804D0060B5F8 /* Settings.swift in Sources */ = {isa = PBXBuildFile; fileRef = 43A18AE229A6804D0060B5F8 /* Settings.swift */; };
		43A18AE729A689040060B5F8 /* SettingsGroupTitleView.swift in Sources */ = {isa = PBXBuildFile; fileRef = 43A18AE629A689040060B5F8 /* SettingsGroupTitleView.swift */; };
		43A18AEA29A76DCA0060B5F8 /* SettingsAppRowView.swift in Sources */ = {isa = PBXBuildFile; fileRef = 43A18AE929A76DCA0060B5F8 /* SettingsAppRowView.swift */; };
/* End PBXBuildFile section */

/* Begin PBXFileReference section */
		43A18AB629A6093F0060B5F8 /* Fruitiki.app */ = {isa = PBXFileReference; explicitFileType = wrapper.application; includeInIndex = 0; path = Fruitiki.app; sourceTree = BUILT_PRODUCTS_DIR; };
		43A18AB929A6093F0060B5F8 /* FruitikiApp.swift */ = {isa = PBXFileReference; lastKnownFileType = sourcecode.swift; path = FruitikiApp.swift; sourceTree = "<group>"; };
		43A18ABB29A6093F0060B5F8 /* ContentView.swift */ = {isa = PBXFileReference; lastKnownFileType = sourcecode.swift; path = ContentView.swift; sourceTree = "<group>"; };
		43A18ABD29A609400060B5F8 /* Assets.xcassets */ = {isa = PBXFileReference; lastKnownFileType = folder.assetcatalog; path = Assets.xcassets; sourceTree = "<group>"; };
		43A18AC029A609400060B5F8 /* Preview Assets.xcassets */ = {isa = PBXFileReference; lastKnownFileType = folder.assetcatalog; path = "Preview Assets.xcassets"; sourceTree = "<group>"; };
		43A18ACA29A60DA80060B5F8 /* OnboardingCardView.swift */ = {isa = PBXFileReference; lastKnownFileType = sourcecode.swift; path = OnboardingCardView.swift; sourceTree = "<group>"; };
		43A18ACC29A612590060B5F8 /* StartButton.swift */ = {isa = PBXFileReference; lastKnownFileType = sourcecode.swift; path = StartButton.swift; sourceTree = "<group>"; };
		43A18ACE29A615E10060B5F8 /* Onboarding.swift */ = {isa = PBXFileReference; lastKnownFileType = sourcecode.swift; path = Onboarding.swift; sourceTree = "<group>"; };
		43A18AD029A617CC0060B5F8 /* FruitModel.swift */ = {isa = PBXFileReference; lastKnownFileType = sourcecode.swift; path = FruitModel.swift; sourceTree = "<group>"; };
		43A18AD329A618AF0060B5F8 /* FruitsData.swift */ = {isa = PBXFileReference; lastKnownFileType = sourcecode.swift; path = FruitsData.swift; sourceTree = "<group>"; };
		43A18AD529A64E520060B5F8 /* FruitRowView.swift */ = {isa = PBXFileReference; lastKnownFileType = sourcecode.swift; path = FruitRowView.swift; sourceTree = "<group>"; };
		43A18AD829A64F8D0060B5F8 /* ColorsUtil.swift */ = {isa = PBXFileReference; lastKnownFileType = sourcecode.swift; path = ColorsUtil.swift; sourceTree = "<group>"; };
		43A18ADA29A6550E0060B5F8 /* FruitDetails.swift */ = {isa = PBXFileReference; lastKnownFileType = sourcecode.swift; path = FruitDetails.swift; sourceTree = "<group>"; };
		43A18ADC29A65B430060B5F8 /* FruitHeaderView.swift */ = {isa = PBXFileReference; lastKnownFileType = sourcecode.swift; path = FruitHeaderView.swift; sourceTree = "<group>"; };
		43A18ADE29A6617B0060B5F8 /* SourceLinkView.swift */ = {isa = PBXFileReference; lastKnownFileType = sourcecode.swift; path = SourceLinkView.swift; sourceTree = "<group>"; };
		43A18AE029A675370060B5F8 /* NutrientsView.swift */ = {isa = PBXFileReference; lastKnownFileType = sourcecode.swift; path = NutrientsView.swift; sourceTree = "<group>"; };
		43A18AE229A6804D0060B5F8 /* Settings.swift */ = {isa = PBXFileReference; lastKnownFileType = sourcecode.swift; path = Settings.swift; sourceTree = "<group>"; };
		43A18AE629A689040060B5F8 /* SettingsGroupTitleView.swift */ = {isa = PBXFileReference; lastKnownFileType = sourcecode.swift; path = SettingsGroupTitleView.swift; sourceTree = "<group>"; };
		43A18AE929A76DCA0060B5F8 /* SettingsAppRowView.swift */ = {isa = PBXFileReference; lastKnownFileType = sourcecode.swift; path = SettingsAppRowView.swift; sourceTree = "<group>"; };
/* End PBXFileReference section */

/* Begin PBXFrameworksBuildPhase section */
		43A18AB329A6093F0060B5F8 /* Frameworks */ = {
			isa = PBXFrameworksBuildPhase;
			buildActionMask = 2147483647;
			files = (
			);
			runOnlyForDeploymentPostprocessing = 0;
		};
/* End PBXFrameworksBuildPhase section */

/* Begin PBXGroup section */
		43A18AAD29A6093F0060B5F8 = {
			isa = PBXGroup;
			children = (
				43A18AB829A6093F0060B5F8 /* Fruitiki */,
				43A18AB729A6093F0060B5F8 /* Products */,
			);
			sourceTree = "<group>";
		};
		43A18AB729A6093F0060B5F8 /* Products */ = {
			isa = PBXGroup;
			children = (
				43A18AB629A6093F0060B5F8 /* Fruitiki.app */,
			);
			name = Products;
			sourceTree = "<group>";
		};
		43A18AB829A6093F0060B5F8 /* Fruitiki */ = {
			isa = PBXGroup;
			children = (
				43A18AD729A64F610060B5F8 /* Utils */,
				43A18AD229A618A10060B5F8 /* Data */,
				43A18AC929A60D6E0060B5F8 /* Views */,
				43A18AC829A60D540060B5F8 /* Models */,
				43A18AC729A60D330060B5F8 /* Screens */,
				43A18ABD29A609400060B5F8 /* Assets.xcassets */,
				43A18ABF29A609400060B5F8 /* Preview Content */,
			);
			path = Fruitiki;
			sourceTree = "<group>";
		};
		43A18ABF29A609400060B5F8 /* Preview Content */ = {
			isa = PBXGroup;
			children = (
				43A18AC029A609400060B5F8 /* Preview Assets.xcassets */,
			);
			path = "Preview Content";
			sourceTree = "<group>";
		};
		43A18AC729A60D330060B5F8 /* Screens */ = {
			isa = PBXGroup;
			children = (
				43A18AB929A6093F0060B5F8 /* FruitikiApp.swift */,
				43A18ABB29A6093F0060B5F8 /* ContentView.swift */,
				43A18ACE29A615E10060B5F8 /* Onboarding.swift */,
				43A18ADA29A6550E0060B5F8 /* FruitDetails.swift */,
				43A18AE229A6804D0060B5F8 /* Settings.swift */,
			);
			path = Screens;
			sourceTree = "<group>";
		};
		43A18AC829A60D540060B5F8 /* Models */ = {
			isa = PBXGroup;
			children = (
				43A18AD029A617CC0060B5F8 /* FruitModel.swift */,
			);
			path = Models;
			sourceTree = "<group>";
		};
		43A18AC929A60D6E0060B5F8 /* Views */ = {
			isa = PBXGroup;
			children = (
				43A18AED29A76E6C0060B5F8 /* Onboarding */,
				43A18AEC29A76E330060B5F8 /* Details */,
				43A18AEB29A76DEB0060B5F8 /* Home */,
				43A18AE829A76DB50060B5F8 /* Settings */,
				43A18AD529A64E520060B5F8 /* FruitRowView.swift */,
				43A18ADC29A65B430060B5F8 /* FruitHeaderView.swift */,
				43A18ADE29A6617B0060B5F8 /* SourceLinkView.swift */,
				43A18AE029A675370060B5F8 /* NutrientsView.swift */,
			);
			path = Views;
			sourceTree = "<group>";
		};
		43A18AD229A618A10060B5F8 /* Data */ = {
			isa = PBXGroup;
			children = (
				43A18AD329A618AF0060B5F8 /* FruitsData.swift */,
			);
			path = Data;
			sourceTree = "<group>";
		};
		43A18AD729A64F610060B5F8 /* Utils */ = {
			isa = PBXGroup;
			children = (
				43A18AD829A64F8D0060B5F8 /* ColorsUtil.swift */,
			);
			path = Utils;
			sourceTree = "<group>";
		};
		43A18AE829A76DB50060B5F8 /* Settings */ = {
			isa = PBXGroup;
			children = (
				43A18AE629A689040060B5F8 /* SettingsGroupTitleView.swift */,
				43A18AE929A76DCA0060B5F8 /* SettingsAppRowView.swift */,
			);
			path = Settings;
			sourceTree = "<group>";
		};
		43A18AEB29A76DEB0060B5F8 /* Home */ = {
			isa = PBXGroup;
			children = (
			);
			path = Home;
			sourceTree = "<group>";
		};
		43A18AEC29A76E330060B5F8 /* Details */ = {
			isa = PBXGroup;
			children = (
			);
			path = Details;
			sourceTree = "<group>";
		};
		43A18AED29A76E6C0060B5F8 /* Onboarding */ = {
			isa = PBXGroup;
			children = (
				43A18ACC29A612590060B5F8 /* StartButton.swift */,
				43A18ACA29A60DA80060B5F8 /* OnboardingCardView.swift */,
			);
			path = Onboarding;
			sourceTree = "<group>";
		};
/* End PBXGroup section */

/* Begin PBXNativeTarget section */
		43A18AB529A6093F0060B5F8 /* Fruitiki */ = {
			isa = PBXNativeTarget;
			buildConfigurationList = 43A18AC429A609400060B5F8 /* Build configuration list for PBXNativeTarget "Fruitiki" */;
			buildPhases = (
				43A18AB229A6093F0060B5F8 /* Sources */,
				43A18AB329A6093F0060B5F8 /* Frameworks */,
				43A18AB429A6093F0060B5F8 /* Resources */,
			);
			buildRules = (
			);
			dependencies = (
			);
			name = Fruitiki;
			productName = Fruitiki;
			productReference = 43A18AB629A6093F0060B5F8 /* Fruitiki.app */;
			productType = "com.apple.product-type.application";
		};
/* End PBXNativeTarget section */

/* Begin PBXProject section */
		43A18AAE29A6093F0060B5F8 /* Project object */ = {
			isa = PBXProject;
			attributes = {
				BuildIndependentTargetsInParallel = 1;
				LastSwiftUpdateCheck = 1420;
				LastUpgradeCheck = 1420;
				TargetAttributes = {
					43A18AB529A6093F0060B5F8 = {
						CreatedOnToolsVersion = 14.2;
					};
				};
			};
			buildConfigurationList = 43A18AB129A6093F0060B5F8 /* Build configuration list for PBXProject "Fruitiki" */;
			compatibilityVersion = "Xcode 14.0";
			developmentRegion = en;
			hasScannedForEncodings = 0;
			knownRegions = (
				en,
				Base,
			);
			mainGroup = 43A18AAD29A6093F0060B5F8;
			productRefGroup = 43A18AB729A6093F0060B5F8 /* Products */;
			projectDirPath = "";
			projectRoot = "";
			targets = (
				43A18AB529A6093F0060B5F8 /* Fruitiki */,
			);
		};
/* End PBXProject section */

/* Begin PBXResourcesBuildPhase section */
		43A18AB429A6093F0060B5F8 /* Resources */ = {
			isa = PBXResourcesBuildPhase;
			buildActionMask = 2147483647;
			files = (
				43A18AC129A609400060B5F8 /* Preview Assets.xcassets in Resources */,
				43A18ABE29A609400060B5F8 /* Assets.xcassets in Resources */,
			);
			runOnlyForDeploymentPostprocessing = 0;
		};
/* End PBXResourcesBuildPhase section */

/* Begin PBXSourcesBuildPhase section */
		43A18AB229A6093F0060B5F8 /* Sources */ = {
			isa = PBXSourcesBuildPhase;
			buildActionMask = 2147483647;
			files = (
				43A18AE129A675370060B5F8 /* NutrientsView.swift in Sources */,
				43A18AE729A689040060B5F8 /* SettingsGroupTitleView.swift in Sources */,
				43A18ACB29A60DA80060B5F8 /* OnboardingCardView.swift in Sources */,
				43A18ABC29A6093F0060B5F8 /* ContentView.swift in Sources */,
				43A18AD629A64E520060B5F8 /* FruitRowView.swift in Sources */,
				43A18AE329A6804D0060B5F8 /* Settings.swift in Sources */,
				43A18ADB29A6550E0060B5F8 /* FruitDetails.swift in Sources */,
				43A18ACF29A615E10060B5F8 /* Onboarding.swift in Sources */,
				43A18AEA29A76DCA0060B5F8 /* SettingsAppRowView.swift in Sources */,
				43A18ACD29A612590060B5F8 /* StartButton.swift in Sources */,
				43A18AD429A618AF0060B5F8 /* FruitsData.swift in Sources */,
				43A18ADD29A65B430060B5F8 /* FruitHeaderView.swift in Sources */,
				43A18AD929A64F8D0060B5F8 /* ColorsUtil.swift in Sources */,
				43A18ADF29A6617B0060B5F8 /* SourceLinkView.swift in Sources */,
				43A18AD129A617CC0060B5F8 /* FruitModel.swift in Sources */,
				43A18ABA29A6093F0060B5F8 /* FruitikiApp.swift in Sources */,
			);
			runOnlyForDeploymentPostprocessing = 0;
		};
/* End PBXSourcesBuildPhase section */

/* Begin XCBuildConfiguration section */
		43A18AC229A609400060B5F8 /* Debug */ = {
			isa = XCBuildConfiguration;
			buildSettings = {
				ALWAYS_SEARCH_USER_PATHS = NO;
				CLANG_ANALYZER_NONNULL = YES;
				CLANG_ANALYZER_NUMBER_OBJECT_CONVERSION = YES_AGGRESSIVE;
				CLANG_CXX_LANGUAGE_STANDARD = "gnu++20";
				CLANG_ENABLE_MODULES = YES;
				CLANG_ENABLE_OBJC_ARC = YES;
				CLANG_ENABLE_OBJC_WEAK = YES;
				CLANG_WARN_BLOCK_CAPTURE_AUTORELEASING = YES;
				CLANG_WARN_BOOL_CONVERSION = YES;
				CLANG_WARN_COMMA = YES;
				CLANG_WARN_CONSTANT_CONVERSION = YES;
				CLANG_WARN_DEPRECATED_OBJC_IMPLEMENTATIONS = YES;
				CLANG_WARN_DIRECT_OBJC_ISA_USAGE = YES_ERROR;
				CLANG_WARN_DOCUMENTATION_COMMENTS = YES;
				CLANG_WARN_EMPTY_BODY = YES;
				CLANG_WARN_ENUM_CONVERSION = YES;
				CLANG_WARN_INFINITE_RECURSION = YES;
				CLANG_WARN_INT_CONVERSION = YES;
				CLANG_WARN_NON_LITERAL_NULL_CONVERSION = YES;
				CLANG_WARN_OBJC_IMPLICIT_RETAIN_SELF = YES;
				CLANG_WARN_OBJC_LITERAL_CONVERSION = YES;
				CLANG_WARN_OBJC_ROOT_CLASS = YES_ERROR;
				CLANG_WARN_QUOTED_INCLUDE_IN_FRAMEWORK_HEADER = YES;
				CLANG_WARN_RANGE_LOOP_ANALYSIS = YES;
				CLANG_WARN_STRICT_PROTOTYPES = YES;
				CLANG_WARN_SUSPICIOUS_MOVE = YES;
				CLANG_WARN_UNGUARDED_AVAILABILITY = YES_AGGRESSIVE;
				CLANG_WARN_UNREACHABLE_CODE = YES;
				CLANG_WARN__DUPLICATE_METHOD_MATCH = YES;
				COPY_PHASE_STRIP = NO;
				DEBUG_INFORMATION_FORMAT = dwarf;
				ENABLE_STRICT_OBJC_MSGSEND = YES;
				ENABLE_TESTABILITY = YES;
				GCC_C_LANGUAGE_STANDARD = gnu11;
				GCC_DYNAMIC_NO_PIC = NO;
				GCC_NO_COMMON_BLOCKS = YES;
				GCC_OPTIMIZATION_LEVEL = 0;
				GCC_PREPROCESSOR_DEFINITIONS = (
					"DEBUG=1",
					"$(inherited)",
				);
				GCC_WARN_64_TO_32_BIT_CONVERSION = YES;
				GCC_WARN_ABOUT_RETURN_TYPE = YES_ERROR;
				GCC_WARN_UNDECLARED_SELECTOR = YES;
				GCC_WARN_UNINITIALIZED_AUTOS = YES_AGGRESSIVE;
				GCC_WARN_UNUSED_FUNCTION = YES;
				GCC_WARN_UNUSED_VARIABLE = YES;
				IPHONEOS_DEPLOYMENT_TARGET = 16.2;
				MTL_ENABLE_DEBUG_INFO = INCLUDE_SOURCE;
				MTL_FAST_MATH = YES;
				ONLY_ACTIVE_ARCH = YES;
				SDKROOT = iphoneos;
				SWIFT_ACTIVE_COMPILATION_CONDITIONS = DEBUG;
				SWIFT_OPTIMIZATION_LEVEL = "-Onone";
			};
			name = Debug;
		};
		43A18AC329A609400060B5F8 /* Release */ = {
			isa = XCBuildConfiguration;
			buildSettings = {
				ALWAYS_SEARCH_USER_PATHS = NO;
				CLANG_ANALYZER_NONNULL = YES;
				CLANG_ANALYZER_NUMBER_OBJECT_CONVERSION = YES_AGGRESSIVE;
				CLANG_CXX_LANGUAGE_STANDARD = "gnu++20";
				CLANG_ENABLE_MODULES = YES;
				CLANG_ENABLE_OBJC_ARC = YES;
				CLANG_ENABLE_OBJC_WEAK = YES;
				CLANG_WARN_BLOCK_CAPTURE_AUTORELEASING = YES;
				CLANG_WARN_BOOL_CONVERSION = YES;
				CLANG_WARN_COMMA = YES;
				CLANG_WARN_CONSTANT_CONVERSION = YES;
				CLANG_WARN_DEPRECATED_OBJC_IMPLEMENTATIONS = YES;
				CLANG_WARN_DIRECT_OBJC_ISA_USAGE = YES_ERROR;
				CLANG_WARN_DOCUMENTATION_COMMENTS = YES;
				CLANG_WARN_EMPTY_BODY = YES;
				CLANG_WARN_ENUM_CONVERSION = YES;
				CLANG_WARN_INFINITE_RECURSION = YES;
				CLANG_WARN_INT_CONVERSION = YES;
				CLANG_WARN_NON_LITERAL_NULL_CONVERSION = YES;
				CLANG_WARN_OBJC_IMPLICIT_RETAIN_SELF = YES;
				CLANG_WARN_OBJC_LITERAL_CONVERSION = YES;
				CLANG_WARN_OBJC_ROOT_CLASS = YES_ERROR;
				CLANG_WARN_QUOTED_INCLUDE_IN_FRAMEWORK_HEADER = YES;
				CLANG_WARN_RANGE_LOOP_ANALYSIS = YES;
				CLANG_WARN_STRICT_PROTOTYPES = YES;
				CLANG_WARN_SUSPICIOUS_MOVE = YES;
				CLANG_WARN_UNGUARDED_AVAILABILITY = YES_AGGRESSIVE;
				CLANG_WARN_UNREACHABLE_CODE = YES;
				CLANG_WARN__DUPLICATE_METHOD_MATCH = YES;
				COPY_PHASE_STRIP = NO;
				DEBUG_INFORMATION_FORMAT = "dwarf-with-dsym";
				ENABLE_NS_ASSERTIONS = NO;
				ENABLE_STRICT_OBJC_MSGSEND = YES;
				GCC_C_LANGUAGE_STANDARD = gnu11;
				GCC_NO_COMMON_BLOCKS = YES;
				GCC_WARN_64_TO_32_BIT_CONVERSION = YES;
				GCC_WARN_ABOUT_RETURN_TYPE = YES_ERROR;
				GCC_WARN_UNDECLARED_SELECTOR = YES;
				GCC_WARN_UNINITIALIZED_AUTOS = YES_AGGRESSIVE;
				GCC_WARN_UNUSED_FUNCTION = YES;
				GCC_WARN_UNUSED_VARIABLE = YES;
				IPHONEOS_DEPLOYMENT_TARGET = 16.2;
				MTL_ENABLE_DEBUG_INFO = NO;
				MTL_FAST_MATH = YES;
				SDKROOT = iphoneos;
				SWIFT_COMPILATION_MODE = wholemodule;
				SWIFT_OPTIMIZATION_LEVEL = "-O";
				VALIDATE_PRODUCT = YES;
			};
			name = Release;
		};
		43A18AC529A609400060B5F8 /* Debug */ = {
			isa = XCBuildConfiguration;
			buildSettings = {
				ASSETCATALOG_COMPILER_APPICON_NAME = AppIcon;
				ASSETCATALOG_COMPILER_GLOBAL_ACCENT_COLOR_NAME = AccentColor;
				CODE_SIGN_STYLE = Automatic;
				CURRENT_PROJECT_VERSION = 1;
				DEVELOPMENT_ASSET_PATHS = "\"Fruitiki/Preview Content\"";
				DEVELOPMENT_TEAM = 346FGQ8ZC8;
				ENABLE_PREVIEWS = YES;
				GENERATE_INFOPLIST_FILE = YES;
				INFOPLIST_KEY_UIApplicationSceneManifest_Generation = YES;
				INFOPLIST_KEY_UIApplicationSupportsIndirectInputEvents = YES;
				INFOPLIST_KEY_UILaunchScreen_Generation = YES;
				INFOPLIST_KEY_UISupportedInterfaceOrientations = UIInterfaceOrientationPortrait;
				LD_RUNPATH_SEARCH_PATHS = (
					"$(inherited)",
					"@executable_path/Frameworks",
				);
				MARKETING_VERSION = 1.0;
				PRODUCT_BUNDLE_IDENTIFIER = com.noamkurtzer.Fruitiki;
				PRODUCT_NAME = "$(TARGET_NAME)";
				SWIFT_EMIT_LOC_STRINGS = YES;
				SWIFT_VERSION = 5.0;
				TARGETED_DEVICE_FAMILY = "1,2";
			};
			name = Debug;
		};
		43A18AC629A609400060B5F8 /* Release */ = {
			isa = XCBuildConfiguration;
			buildSettings = {
				ASSETCATALOG_COMPILER_APPICON_NAME = AppIcon;
				ASSETCATALOG_COMPILER_GLOBAL_ACCENT_COLOR_NAME = AccentColor;
				CODE_SIGN_STYLE = Automatic;
				CURRENT_PROJECT_VERSION = 1;
				DEVELOPMENT_ASSET_PATHS = "\"Fruitiki/Preview Content\"";
				DEVELOPMENT_TEAM = 346FGQ8ZC8;
				ENABLE_PREVIEWS = YES;
				GENERATE_INFOPLIST_FILE = YES;
				INFOPLIST_KEY_UIApplicationSceneManifest_Generation = YES;
				INFOPLIST_KEY_UIApplicationSupportsIndirectInputEvents = YES;
				INFOPLIST_KEY_UILaunchScreen_Generation = YES;
				INFOPLIST_KEY_UISupportedInterfaceOrientations = UIInterfaceOrientationPortrait;
				LD_RUNPATH_SEARCH_PATHS = (
					"$(inherited)",
					"@executable_path/Frameworks",
				);
				MARKETING_VERSION = 1.0;
				PRODUCT_BUNDLE_IDENTIFIER = com.noamkurtzer.Fruitiki;
				PRODUCT_NAME = "$(TARGET_NAME)";
				SWIFT_EMIT_LOC_STRINGS = YES;
				SWIFT_VERSION = 5.0;
				TARGETED_DEVICE_FAMILY = "1,2";
			};
			name = Release;
		};
/* End XCBuildConfiguration section */

/* Begin XCConfigurationList section */
		43A18AB129A6093F0060B5F8 /* Build configuration list for PBXProject "Fruitiki" */ = {
			isa = XCConfigurationList;
			buildConfigurations = (
				43A18AC229A609400060B5F8 /* Debug */,
				43A18AC329A609400060B5F8 /* Release */,
			);
			defaultConfigurationIsVisible = 0;
			defaultConfigurationName = Release;
		};
		43A18AC429A609400060B5F8 /* Build configuration list for PBXNativeTarget "Fruitiki" */ = {
			isa = XCConfigurationList;
			buildConfigurations = (
				43A18AC529A609400060B5F8 /* Debug */,
				43A18AC629A609400060B5F8 /* Release */,
			);
			defaultConfigurationIsVisible = 0;
			defaultConfigurationName = Release;
		};
/* End XCConfigurationList section */
	};
	rootObject = 43A18AAE29A6093F0060B5F8 /* Project object */;
}
